
Microsoft Visual Studio Solution File, Format Version 12.00
# Visual Studio 15
VisualStudioVersion = 15.0.26124.0
MinimumVisualStudioVersion = 15.0.26124.0
Project("{FAE04EC0-301F-11D3-BF4B-00C04F79EFBC}") = "JobService.Service", "src\JobService.Service\JobService.Service.csproj", "{D4C7EC96-F5F4-4CA5-9503-5DFDC986883C}"
EndProject
Project("{FAE04EC0-301F-11D3-BF4B-00C04F79EFBC}") = "JobService.Components", "src\JobService.Components\JobService.Components.csproj", "{8E033C47-B07C-4228-A754-05C47F9788BD}"
EndProject
Global
	GlobalSection(SolutionConfigurationPlatforms) = preSolution
		Debug|Any CPU = Debug|Any CPU
		Debug|x64 = Debug|x64
		Debug|x86 = Debug|x86
		Release|Any CPU = Release|Any CPU
		Release|x64 = Release|x64
		Release|x86 = Release|x86
	EndGlobalSection
	GlobalSection(SolutionProperties) = preSolution
		HideSolutionNode = FALSE
	EndGlobalSection
	GlobalSection(ProjectConfigurationPlatforms) = postSolution
		{D4C7EC96-F5F4-4CA5-9503-5DFDC986883C}.Debug|Any CPU.ActiveCfg = Debug|Any CPU
		{D4C7EC96-F5F4-4CA5-9503-5DFDC986883C}.Debug|Any CPU.Build.0 = Debug|Any CPU
		{D4C7EC96-F5F4-4CA5-9503-5DFDC986883C}.Debug|x64.ActiveCfg = Debug|Any CPU
		{D4C7EC96-F5F4-4CA5-9503-5DFDC986883C}.Debug|x64.Build.0 = Debug|Any CPU
		{D4C7EC96-F5F4-4CA5-9503-5DFDC986883C}.Debug|x86.ActiveCfg = Debug|Any CPU
		{D4C7EC96-F5F4-4CA5-9503-5DFDC986883C}.Debug|x86.Build.0 = Debug|Any CPU
		{D4C7EC96-F5F4-4CA5-9503-5DFDC986883C}.Release|Any CPU.ActiveCfg = Release|Any CPU
		{D4C7EC96-F5F4-4CA5-9503-5DFDC986883C}.Release|Any CPU.Build.0 = Release|Any CPU
		{D4C7EC96-F5F4-4CA5-9503-5DFDC986883C}.Release|x64.ActiveCfg = Release|Any CPU
		{D4C7EC96-F5F4-4CA5-9503-5DFDC986883C}.Release|x64.Build.0 = Release|Any CPU
		{D4C7EC96-F5F4-4CA5-9503-5DFDC986883C}.Release|x86.ActiveCfg = Release|Any CPU
		{D4C7EC96-F5F4-4CA5-9503-5DFDC986883C}.Release|x86.Build.0 = Release|Any CPU
		{8E033C47-B07C-4228-A754-05C47F9788BD}.Debug|Any CPU.ActiveCfg = Debug|Any CPU
		{8E033C47-B07C-4228-A754-05C47F9788BD}.Debug|Any CPU.Build.0 = Debug|Any CPU
		{8E033C47-B07C-4228-A754-05C47F9788BD}.Debug|x64.ActiveCfg = Debug|Any CPU
		{8E033C47-B07C-4228-A754-05C47F9788BD}.Debug|x64.Build.0 = Debug|Any CPU
		{8E033C47-B07C-4228-A754-05C47F9788BD}.Debug|x86.ActiveCfg = Debug|Any CPU
		{8E033C47-B07C-4228-A754-05C47F9788BD}.Debug|x86.Build.0 = Debug|Any CPU
		{8E033C47-B07C-4228-A754-05C47F9788BD}.Release|Any CPU.ActiveCfg = Release|Any CPU
		{8E033C47-B07C-4228-A754-05C47F9788BD}.Release|Any CPU.Build.0 = Release|Any CPU
		{8E033C47-B07C-4228-A754-05C47F9788BD}.Release|x64.ActiveCfg = Release|Any CPU
		{8E033C47-B07C-4228-A754-05C47F9788BD}.Release|x64.Build.0 = Release|Any CPU
		{8E033C47-B07C-4228-A754-05C47F9788BD}.Release|x86.ActiveCfg = Release|Any CPU
		{8E033C47-B07C-4228-A754-05C47F9788BD}.Release|x86.Build.0 = Release|Any CPU
	EndGlobalSection
EndGlobal
